
Microsoft Visual Studio Solution File, Format Version 12.00
# Visual Studio 15
VisualStudioVersion = 15.0.27428.2037
MinimumVisualStudioVersion = 10.0.40219.1
Project("{FAE04EC0-301F-11D3-BF4B-00C04F79EFBC}") = "FastReportViewer", "FastReportViewer\FastReportViewer.csproj", "{C24FCC24-4B36-40F6-89D9-251057DED840}"
EndProject
Global
	GlobalSection(SolutionConfigurationPlatforms) = preSolution
		Debug|Any CPU = Debug|Any CPU
		Release|Any CPU = Release|Any CPU
	EndGlobalSection
	GlobalSection(ProjectConfigurationPlatforms) = postSolution
		{C24FCC24-4B36-40F6-89D9-251057DED840}.Debug|Any CPU.ActiveCfg = Debug|Any CPU
		{C24FCC24-4B36-40F6-89D9-251057DED840}.Debug|Any CPU.Build.0 = Debug|Any CPU
		{C24FCC24-4B36-40F6-89D9-251057DED840}.Release|Any CPU.ActiveCfg = Release|Any CPU
		{C24FCC24-4B36-40F6-89D9-251057DED840}.Release|Any CPU.Build.0 = Release|Any CPU
	EndGlobalSection
	GlobalSection(SolutionProperties) = preSolution
		HideSolutionNode = FALSE
	EndGlobalSection
	GlobalSection(ExtensibilityGlobals) = postSolution
		SolutionGuid = {B0CB2A81-33B5-4666-86DA-92F9DD61D40E}
	EndGlobalSection
EndGlobal
